
Microsoft Visual Studio Solution File, Format Version 12.00
# Visual Studio Version 17
VisualStudioVersion = 17.13.35825.156 d17.13
MinimumVisualStudioVersion = 10.0.40219.1
Project("{FAE04EC0-301F-11D3-BF4B-00C04F79EFBC}") = "TrackingPackageSample", "TrackingPackageSample.csproj", "{7E4D7310-7D04-45EA-8E14-329EB98B2A96}"
EndProject
Global
	GlobalSection(SolutionConfigurationPlatforms) = preSolution
		Debug|Any CPU = Debug|Any CPU
		Release|Any CPU = Release|Any CPU
	EndGlobalSection
	GlobalSection(ProjectConfigurationPlatforms) = postSolution
		{7E4D7310-7D04-45EA-8E14-329EB98B2A96}.Debug|Any CPU.ActiveCfg = Debug|Any CPU
		{7E4D7310-7D04-45EA-8E14-329EB98B2A96}.Debug|Any CPU.Build.0 = Debug|Any CPU
		{7E4D7310-7D04-45EA-8E14-329EB98B2A96}.Release|Any CPU.ActiveCfg = Release|Any CPU
		{7E4D7310-7D04-45EA-8E14-329EB98B2A96}.Release|Any CPU.Build.0 = Release|Any CPU
	EndGlobalSection
	GlobalSection(SolutionProperties) = preSolution
		HideSolutionNode = FALSE
	EndGlobalSection
	GlobalSection(ExtensibilityGlobals) = postSolution
		SolutionGuid = {1EFCFD4A-4AFE-4543-8A6B-01E0D589ED40}
	EndGlobalSection
EndGlobal
